// !$*UTF8*$!
{
	archiveVersion = 1;
	classes = {
	};
	objectVersion = 46;
	objects = {

/* Begin PBXBuildFile section */
		5722BE821DBA8AC3001D7629 /* main.m in Sources */ = {isa = PBXBuildFile; fileRef = 5722BE811DBA8AC3001D7629 /* main.m */; };
		5722BE851DBA8AC3001D7629 /* AppDelegate.m in Sources */ = {isa = PBXBuildFile; fileRef = 5722BE841DBA8AC3001D7629 /* AppDelegate.m */; };
		5722BE881DBA8AC3001D7629 /* ViewController.m in Sources */ = {isa = PBXBuildFile; fileRef = 5722BE871DBA8AC3001D7629 /* ViewController.m */; };
		5722BE8B1DBA8AC3001D7629 /* Main.storyboard in Resources */ = {isa = PBXBuildFile; fileRef = 5722BE891DBA8AC3001D7629 /* Main.storyboard */; };
		5722BE8D1DBA8AC3001D7629 /* Assets.xcassets in Resources */ = {isa = PBXBuildFile; fileRef = 5722BE8C1DBA8AC3001D7629 /* Assets.xcassets */; };
		5722BE901DBA8AC3001D7629 /* LaunchScreen.storyboard in Resources */ = {isa = PBXBuildFile; fileRef = 5722BE8E1DBA8AC3001D7629 /* LaunchScreen.storyboard */; };
		5722BE9B1DBA8AC3001D7629 /* WebViewFileUploadTests.m in Sources */ = {isa = PBXBuildFile; fileRef = 5722BE9A1DBA8AC3001D7629 /* WebViewFileUploadTests.m */; };
		5722BEA61DBA8AC3001D7629 /* WebViewFileUploadUITests.m in Sources */ = {isa = PBXBuildFile; fileRef = 5722BEA51DBA8AC3001D7629 /* WebViewFileUploadUITests.m */; };
		5722BEB51DBA8B35001D7629 /* SampleWebViewController.m in Sources */ = {isa = PBXBuildFile; fileRef = 5722BEB41DBA8B35001D7629 /* SampleWebViewController.m */; };
		5722BEB71DBA8ED9001D7629 /* page.html in Resources */ = {isa = PBXBuildFile; fileRef = 5722BEB61DBA8ED9001D7629 /* page.html */; };
		5722BEB91DBA8FB3001D7629 /* SampleWebViewController.xib in Resources */ = {isa = PBXBuildFile; fileRef = 5722BEB81DBA8FB3001D7629 /* SampleWebViewController.xib */; };
/* End PBXBuildFile section */

/* Begin PBXContainerItemProxy section */
		5722BE971DBA8AC3001D7629 /* PBXContainerItemProxy */ = {
			isa = PBXContainerItemProxy;
			containerPortal = 5722BE751DBA8AC3001D7629 /* Project object */;
			proxyType = 1;
			remoteGlobalIDString = 5722BE7C1DBA8AC3001D7629;
			remoteInfo = WebViewFileUpload;
		};
		5722BEA21DBA8AC3001D7629 /* PBXContainerItemProxy */ = {
			isa = PBXContainerItemProxy;
			containerPortal = 5722BE751DBA8AC3001D7629 /* Project object */;
			proxyType = 1;
			remoteGlobalIDString = 5722BE7C1DBA8AC3001D7629;
			remoteInfo = WebViewFileUpload;
		};
/* End PBXContainerItemProxy section */

/* Begin PBXFileReference section */
		5722BE7D1DBA8AC3001D7629 /* WebViewFileUpload.app */ = {isa = PBXFileReference; explicitFileType = wrapper.application; includeInIndex = 0; path = WebViewFileUpload.app; sourceTree = BUILT_PRODUCTS_DIR; };
		5722BE811DBA8AC3001D7629 /* main.m */ = {isa = PBXFileReference; lastKnownFileType = sourcecode.c.objc; path = main.m; sourceTree = "<group>"; };
		5722BE831DBA8AC3001D7629 /* AppDelegate.h */ = {isa = PBXFileReference; lastKnownFileType = sourcecode.c.h; path = AppDelegate.h; sourceTree = "<group>"; };
		5722BE841DBA8AC3001D7629 /* AppDelegate.m */ = {isa = PBXFileReference; lastKnownFileType = sourcecode.c.objc; path = AppDelegate.m; sourceTree = "<group>"; };
		5722BE861DBA8AC3001D7629 /* ViewController.h */ = {isa = PBXFileReference; lastKnownFileType = sourcecode.c.h; path = ViewController.h; sourceTree = "<group>"; };
		5722BE871DBA8AC3001D7629 /* ViewController.m */ = {isa = PBXFileReference; lastKnownFileType = sourcecode.c.objc; path = ViewController.m; sourceTree = "<group>"; };
		5722BE8A1DBA8AC3001D7629 /* Base */ = {isa = PBXFileReference; lastKnownFileType = file.storyboard; name = Base; path = Base.lproj/Main.storyboard; sourceTree = "<group>"; };
		5722BE8C1DBA8AC3001D7629 /* Assets.xcassets */ = {isa = PBXFileReference; lastKnownFileType = folder.assetcatalog; path = Assets.xcassets; sourceTree = "<group>"; };
		5722BE8F1DBA8AC3001D7629 /* Base */ = {isa = PBXFileReference; lastKnownFileType = file.storyboard; name = Base; path = Base.lproj/LaunchScreen.storyboard; sourceTree = "<group>"; };
		5722BE911DBA8AC3001D7629 /* Info.plist */ = {isa = PBXFileReference; lastKnownFileType = text.plist.xml; path = Info.plist; sourceTree = "<group>"; };
		5722BE961DBA8AC3001D7629 /* WebViewFileUploadTests.xctest */ = {isa = PBXFileReference; explicitFileType = wrapper.cfbundle; includeInIndex = 0; path = WebViewFileUploadTests.xctest; sourceTree = BUILT_PRODUCTS_DIR; };
		5722BE9A1DBA8AC3001D7629 /* WebViewFileUploadTests.m */ = {isa = PBXFileReference; lastKnownFileType = sourcecode.c.objc; path = WebViewFileUploadTests.m; sourceTree = "<group>"; };
		5722BE9C1DBA8AC3001D7629 /* Info.plist */ = {isa = PBXFileReference; lastKnownFileType = text.plist.xml; path = Info.plist; sourceTree = "<group>"; };
		5722BEA11DBA8AC3001D7629 /* WebViewFileUploadUITests.xctest */ = {isa = PBXFileReference; explicitFileType = wrapper.cfbundle; includeInIndex = 0; path = WebViewFileUploadUITests.xctest; sourceTree = BUILT_PRODUCTS_DIR; };
		5722BEA51DBA8AC3001D7629 /* WebViewFileUploadUITests.m */ = {isa = PBXFileReference; lastKnownFileType = sourcecode.c.objc; path = WebViewFileUploadUITests.m; sourceTree = "<group>"; };
		5722BEA71DBA8AC3001D7629 /* Info.plist */ = {isa = PBXFileReference; lastKnownFileType = text.plist.xml; path = Info.plist; sourceTree = "<group>"; };
		5722BEB31DBA8B35001D7629 /* SampleWebViewController.h */ = {isa = PBXFileReference; fileEncoding = 4; lastKnownFileType = sourcecode.c.h; path = SampleWebViewController.h; sourceTree = "<group>"; };
		5722BEB41DBA8B35001D7629 /* SampleWebViewController.m */ = {isa = PBXFileReference; fileEncoding = 4; lastKnownFileType = sourcecode.c.objc; path = SampleWebViewController.m; sourceTree = "<group>"; };
		5722BEB61DBA8ED9001D7629 /* page.html */ = {isa = PBXFileReference; fileEncoding = 4; lastKnownFileType = text.html; path = page.html; sourceTree = "<group>"; };
		5722BEB81DBA8FB3001D7629 /* SampleWebViewController.xib */ = {isa = PBXFileReference; fileEncoding = 4; lastKnownFileType = file.xib; path = SampleWebViewController.xib; sourceTree = "<group>"; };
/* End PBXFileReference section */

/* Begin PBXFrameworksBuildPhase section */
		5722BE7A1DBA8AC3001D7629 /* Frameworks */ = {
			isa = PBXFrameworksBuildPhase;
			buildActionMask = 2147483647;
			files = (
			);
			runOnlyForDeploymentPostprocessing = 0;
		};
		5722BE931DBA8AC3001D7629 /* Frameworks */ = {
			isa = PBXFrameworksBuildPhase;
			buildActionMask = 2147483647;
			files = (
			);
			runOnlyForDeploymentPostprocessing = 0;
		};
		5722BE9E1DBA8AC3001D7629 /* Frameworks */ = {
			isa = PBXFrameworksBuildPhase;
			buildActionMask = 2147483647;
			files = (
			);
			runOnlyForDeploymentPostprocessing = 0;
		};
/* End PBXFrameworksBuildPhase section */

/* Begin PBXGroup section */
		5722BE741DBA8AC3001D7629 = {
			isa = PBXGroup;
			children = (
				5722BE7F1DBA8AC3001D7629 /* WebViewFileUpload */,
				5722BE991DBA8AC3001D7629 /* WebViewFileUploadTests */,
				5722BEA41DBA8AC3001D7629 /* WebViewFileUploadUITests */,
				5722BE7E1DBA8AC3001D7629 /* Products */,
			);
			sourceTree = "<group>";
		};
		5722BE7E1DBA8AC3001D7629 /* Products */ = {
			isa = PBXGroup;
			children = (
				5722BE7D1DBA8AC3001D7629 /* WebViewFileUpload.app */,
				5722BE961DBA8AC3001D7629 /* WebViewFileUploadTests.xctest */,
				5722BEA11DBA8AC3001D7629 /* WebViewFileUploadUITests.xctest */,
			);
			name = Products;
			sourceTree = "<group>";
		};
		5722BE7F1DBA8AC3001D7629 /* WebViewFileUpload */ = {
			isa = PBXGroup;
			children = (
				5722BE831DBA8AC3001D7629 /* AppDelegate.h */,
				5722BE841DBA8AC3001D7629 /* AppDelegate.m */,
				5722BE861DBA8AC3001D7629 /* ViewController.h */,
				5722BE871DBA8AC3001D7629 /* ViewController.m */,
				5722BEB31DBA8B35001D7629 /* SampleWebViewController.h */,
				5722BEB41DBA8B35001D7629 /* SampleWebViewController.m */,
				5722BEB81DBA8FB3001D7629 /* SampleWebViewController.xib */,
				5722BEB61DBA8ED9001D7629 /* page.html */,
				5722BE891DBA8AC3001D7629 /* Main.storyboard */,
				5722BE8C1DBA8AC3001D7629 /* Assets.xcassets */,
				5722BE8E1DBA8AC3001D7629 /* LaunchScreen.storyboard */,
				5722BE911DBA8AC3001D7629 /* Info.plist */,
				5722BE801DBA8AC3001D7629 /* Supporting Files */,
			);
			path = WebViewFileUpload;
			sourceTree = "<group>";
		};
		5722BE801DBA8AC3001D7629 /* Supporting Files */ = {
			isa = PBXGroup;
			children = (
				5722BE811DBA8AC3001D7629 /* main.m */,
			);
			name = "Supporting Files";
			sourceTree = "<group>";
		};
		5722BE991DBA8AC3001D7629 /* WebViewFileUploadTests */ = {
			isa = PBXGroup;
			children = (
				5722BE9A1DBA8AC3001D7629 /* WebViewFileUploadTests.m */,
				5722BE9C1DBA8AC3001D7629 /* Info.plist */,
			);
			path = WebViewFileUploadTests;
			sourceTree = "<group>";
		};
		5722BEA41DBA8AC3001D7629 /* WebViewFileUploadUITests */ = {
			isa = PBXGroup;
			children = (
				5722BEA51DBA8AC3001D7629 /* WebViewFileUploadUITests.m */,
				5722BEA71DBA8AC3001D7629 /* Info.plist */,
			);
			path = WebViewFileUploadUITests;
			sourceTree = "<group>";
		};
/* End PBXGroup section */

/* Begin PBXNativeTarget section */
		5722BE7C1DBA8AC3001D7629 /* WebViewFileUpload */ = {
			isa = PBXNativeTarget;
			buildConfigurationList = 5722BEAA1DBA8AC3001D7629 /* Build configuration list for PBXNativeTarget "WebViewFileUpload" */;
			buildPhases = (
				5722BE791DBA8AC3001D7629 /* Sources */,
				5722BE7A1DBA8AC3001D7629 /* Frameworks */,
				5722BE7B1DBA8AC3001D7629 /* Resources */,
			);
			buildRules = (
			);
			dependencies = (
			);
			name = WebViewFileUpload;
			productName = WebViewFileUpload;
			productReference = 5722BE7D1DBA8AC3001D7629 /* WebViewFileUpload.app */;
			productType = "com.apple.product-type.application";
		};
		5722BE951DBA8AC3001D7629 /* WebViewFileUploadTests */ = {
			isa = PBXNativeTarget;
			buildConfigurationList = 5722BEAD1DBA8AC3001D7629 /* Build configuration list for PBXNativeTarget "WebViewFileUploadTests" */;
			buildPhases = (
				5722BE921DBA8AC3001D7629 /* Sources */,
				5722BE931DBA8AC3001D7629 /* Frameworks */,
				5722BE941DBA8AC3001D7629 /* Resources */,
			);
			buildRules = (
			);
			dependencies = (
				5722BE981DBA8AC3001D7629 /* PBXTargetDependency */,
			);
			name = WebViewFileUploadTests;
			productName = WebViewFileUploadTests;
			productReference = 5722BE961DBA8AC3001D7629 /* WebViewFileUploadTests.xctest */;
			productType = "com.apple.product-type.bundle.unit-test";
		};
		5722BEA01DBA8AC3001D7629 /* WebViewFileUploadUITests */ = {
			isa = PBXNativeTarget;
			buildConfigurationList = 5722BEB01DBA8AC3001D7629 /* Build configuration list for PBXNativeTarget "WebViewFileUploadUITests" */;
			buildPhases = (
				5722BE9D1DBA8AC3001D7629 /* Sources */,
				5722BE9E1DBA8AC3001D7629 /* Frameworks */,
				5722BE9F1DBA8AC3001D7629 /* Resources */,
			);
			buildRules = (
			);
			dependencies = (
				5722BEA31DBA8AC3001D7629 /* PBXTargetDependency */,
			);
			name = WebViewFileUploadUITests;
			productName = WebViewFileUploadUITests;
			productReference = 5722BEA11DBA8AC3001D7629 /* WebViewFileUploadUITests.xctest */;
			productType = "com.apple.product-type.bundle.ui-testing";
		};
/* End PBXNativeTarget section */

/* Begin PBXProject section */
		5722BE751DBA8AC3001D7629 /* Project object */ = {
			isa = PBXProject;
			attributes = {
				LastUpgradeCheck = 0810;
				ORGANIZATIONNAME = "Michael Borowiec";
				TargetAttributes = {
					5722BE7C1DBA8AC3001D7629 = {
						CreatedOnToolsVersion = 8.1;
						DevelopmentTeam = 829TS6W2N9;
						ProvisioningStyle = Automatic;
					};
					5722BE951DBA8AC3001D7629 = {
						CreatedOnToolsVersion = 8.1;
						DevelopmentTeam = 829TS6W2N9;
						ProvisioningStyle = Automatic;
						TestTargetID = 5722BE7C1DBA8AC3001D7629;
					};
					5722BEA01DBA8AC3001D7629 = {
						CreatedOnToolsVersion = 8.1;
						DevelopmentTeam = 829TS6W2N9;
						ProvisioningStyle = Automatic;
						TestTargetID = 5722BE7C1DBA8AC3001D7629;
					};
				};
			};
			buildConfigurationList = 5722BE781DBA8AC3001D7629 /* Build configuration list for PBXProject "WebViewFileUpload" */;
			compatibilityVersion = "Xcode 3.2";
			developmentRegion = English;
			hasScannedForEncodings = 0;
			knownRegions = (
				en,
				Base,
			);
			mainGroup = 5722BE741DBA8AC3001D7629;
			productRefGroup = 5722BE7E1DBA8AC3001D7629 /* Products */;
			projectDirPath = "";
			projectRoot = "";
			targets = (
				5722BE7C1DBA8AC3001D7629 /* WebViewFileUpload */,
				5722BE951DBA8AC3001D7629 /* WebViewFileUploadTests */,
				5722BEA01DBA8AC3001D7629 /* WebViewFileUploadUITests */,
			);
		};
/* End PBXProject section */

/* Begin PBXResourcesBuildPhase section */
		5722BE7B1DBA8AC3001D7629 /* Resources */ = {
			isa = PBXResourcesBuildPhase;
			buildActionMask = 2147483647;
			files = (
				5722BEB91DBA8FB3001D7629 /* SampleWebViewController.xib in Resources */,
				5722BE901DBA8AC3001D7629 /* LaunchScreen.storyboard in Resources */,
				5722BEB71DBA8ED9001D7629 /* page.html in Resources */,
				5722BE8D1DBA8AC3001D7629 /* Assets.xcassets in Resources */,
				5722BE8B1DBA8AC3001D7629 /* Main.storyboard in Resources */,
			);
			runOnlyForDeploymentPostprocessing = 0;
		};
		5722BE941DBA8AC3001D7629 /* Resources */ = {
			isa = PBXResourcesBuildPhase;
			buildActionMask = 2147483647;
			files = (
			);
			runOnlyForDeploymentPostprocessing = 0;
		};
		5722BE9F1DBA8AC3001D7629 /* Resources */ = {
			isa = PBXResourcesBuildPhase;
			buildActionMask = 2147483647;
			files = (
			);
			runOnlyForDeploymentPostprocessing = 0;
		};
/* End PBXResourcesBuildPhase section */

/* Begin PBXSourcesBuildPhase section */
		5722BE791DBA8AC3001D7629 /* Sources */ = {
			isa = PBXSourcesBuildPhase;
			buildActionMask = 2147483647;
			files = (
				5722BE881DBA8AC3001D7629 /* ViewController.m in Sources */,
				5722BE851DBA8AC3001D7629 /* AppDelegate.m in Sources */,
				5722BE821DBA8AC3001D7629 /* main.m in Sources */,
				5722BEB51DBA8B35001D7629 /* SampleWebViewController.m in Sources */,
			);
			runOnlyForDeploymentPostprocessing = 0;
		};
		5722BE921DBA8AC3001D7629 /* Sources */ = {
			isa = PBXSourcesBuildPhase;
			buildActionMask = 2147483647;
			files = (
				5722BE9B1DBA8AC3001D7629 /* WebViewFileUploadTests.m in Sources */,
			);
			runOnlyForDeploymentPostprocessing = 0;
		};
		5722BE9D1DBA8AC3001D7629 /* Sources */ = {
			isa = PBXSourcesBuildPhase;
			buildActionMask = 2147483647;
			files = (
				5722BEA61DBA8AC3001D7629 /* WebViewFileUploadUITests.m in Sources */,
			);
			runOnlyForDeploymentPostprocessing = 0;
		};
/* End PBXSourcesBuildPhase section */

/* Begin PBXTargetDependency section */
		5722BE981DBA8AC3001D7629 /* PBXTargetDependency */ = {
			isa = PBXTargetDependency;
			target = 5722BE7C1DBA8AC3001D7629 /* WebViewFileUpload */;
			targetProxy = 5722BE971DBA8AC3001D7629 /* PBXContainerItemProxy */;
		};
		5722BEA31DBA8AC3001D7629 /* PBXTargetDependency */ = {
			isa = PBXTargetDependency;
			target = 5722BE7C1DBA8AC3001D7629 /* WebViewFileUpload */;
			targetProxy = 5722BEA21DBA8AC3001D7629 /* PBXContainerItemProxy */;
		};
/* End PBXTargetDependency section */

/* Begin PBXVariantGroup section */
		5722BE891DBA8AC3001D7629 /* Main.storyboard */ = {
			isa = PBXVariantGroup;
			children = (
				5722BE8A1DBA8AC3001D7629 /* Base */,
			);
			name = Main.storyboard;
			sourceTree = "<group>";
		};
		5722BE8E1DBA8AC3001D7629 /* LaunchScreen.storyboard */ = {
			isa = PBXVariantGroup;
			children = (
				5722BE8F1DBA8AC3001D7629 /* Base */,
			);
			name = LaunchScreen.storyboard;
			sourceTree = "<group>";
		};
/* End PBXVariantGroup section */

/* Begin XCBuildConfiguration section */
		5722BEA81DBA8AC3001D7629 /* Debug */ = {
			isa = XCBuildConfiguration;
			buildSettings = {
				ALWAYS_SEARCH_USER_PATHS = NO;
				CLANG_ANALYZER_NONNULL = YES;
				CLANG_CXX_LANGUAGE_STANDARD = "gnu++0x";
				CLANG_CXX_LIBRARY = "libc++";
				CLANG_ENABLE_MODULES = YES;
				CLANG_ENABLE_OBJC_ARC = YES;
				CLANG_WARN_BOOL_CONVERSION = YES;
				CLANG_WARN_CONSTANT_CONVERSION = YES;
				CLANG_WARN_DIRECT_OBJC_ISA_USAGE = YES_ERROR;
				CLANG_WARN_DOCUMENTATION_COMMENTS = YES;
				CLANG_WARN_EMPTY_BODY = YES;
				CLANG_WARN_ENUM_CONVERSION = YES;
				CLANG_WARN_INFINITE_RECURSION = YES;
				CLANG_WARN_INT_CONVERSION = YES;
				CLANG_WARN_OBJC_ROOT_CLASS = YES_ERROR;
				CLANG_WARN_SUSPICIOUS_MOVES = YES;
				CLANG_WARN_UNREACHABLE_CODE = YES;
				CLANG_WARN__DUPLICATE_METHOD_MATCH = YES;
				"CODE_SIGN_IDENTITY[sdk=iphoneos*]" = "iPhone Developer";
				COPY_PHASE_STRIP = NO;
				DEBUG_INFORMATION_FORMAT = dwarf;
				ENABLE_STRICT_OBJC_MSGSEND = YES;
				ENABLE_TESTABILITY = YES;
				GCC_C_LANGUAGE_STANDARD = gnu99;
				GCC_DYNAMIC_NO_PIC = NO;
				GCC_NO_COMMON_BLOCKS = YES;
				GCC_OPTIMIZATION_LEVEL = 0;
				GCC_PREPROCESSOR_DEFINITIONS = (
					"DEBUG=1",
					"$(inherited)",
				);
				GCC_WARN_64_TO_32_BIT_CONVERSION = YES;
				GCC_WARN_ABOUT_RETURN_TYPE = YES_ERROR;
				GCC_WARN_UNDECLARED_SELECTOR = YES;
				GCC_WARN_UNINITIALIZED_AUTOS = YES_AGGRESSIVE;
				GCC_WARN_UNUSED_FUNCTION = YES;
				GCC_WARN_UNUSED_VARIABLE = YES;
				IPHONEOS_DEPLOYMENT_TARGET = 10.1;
				MTL_ENABLE_DEBUG_INFO = YES;
				ONLY_ACTIVE_ARCH = YES;
				SDKROOT = iphoneos;
				TARGETED_DEVICE_FAMILY = "1,2";
			};
			name = Debug;
		};
		5722BEA91DBA8AC3001D7629 /* Release */ = {
			isa = XCBuildConfiguration;
			buildSettings = {
				ALWAYS_SEARCH_USER_PATHS = NO;
				CLANG_ANALYZER_NONNULL = YES;
				CLANG_CXX_LANGUAGE_STANDARD = "gnu++0x";
				CLANG_CXX_LIBRARY = "libc++";
				CLANG_ENABLE_MODULES = YES;
				CLANG_ENABLE_OBJC_ARC = YES;
				CLANG_WARN_BOOL_CONVERSION = YES;
				CLANG_WARN_CONSTANT_CONVERSION = YES;
				CLANG_WARN_DIRECT_OBJC_ISA_USAGE = YES_ERROR;
				CLANG_WARN_DOCUMENTATION_COMMENTS = YES;
				CLANG_WARN_EMPTY_BODY = YES;
				CLANG_WARN_ENUM_CONVERSION = YES;
				CLANG_WARN_INFINITE_RECURSION = YES;
				CLANG_WARN_INT_CONVERSION = YES;
				CLANG_WARN_OBJC_ROOT_CLASS = YES_ERROR;
				CLANG_WARN_SUSPICIOUS_MOVES = YES;
				CLANG_WARN_UNREACHABLE_CODE = YES;
				CLANG_WARN__DUPLICATE_METHOD_MATCH = YES;
				"CODE_SIGN_IDENTITY[sdk=iphoneos*]" = "iPhone Developer";
				COPY_PHASE_STRIP = NO;
				DEBUG_INFORMATION_FORMAT = "dwarf-with-dsym";
				ENABLE_NS_ASSERTIONS = NO;
				ENABLE_STRICT_OBJC_MSGSEND = YES;
				GCC_C_LANGUAGE_STANDARD = gnu99;
				GCC_NO_COMMON_BLOCKS = YES;
				GCC_WARN_64_TO_32_BIT_CONVERSION = YES;
				GCC_WARN_ABOUT_RETURN_TYPE = YES_ERROR;
				GCC_WARN_UNDECLARED_SELECTOR = YES;
				GCC_WARN_UNINITIALIZED_AUTOS = YES_AGGRESSIVE;
				GCC_WARN_UNUSED_FUNCTION = YES;
				GCC_WARN_UNUSED_VARIABLE = YES;
				IPHONEOS_DEPLOYMENT_TARGET = 10.1;
				MTL_ENABLE_DEBUG_INFO = NO;
				SDKROOT = iphoneos;
				TARGETED_DEVICE_FAMILY = "1,2";
				VALIDATE_PRODUCT = YES;
			};
			name = Release;
		};
		5722BEAB1DBA8AC3001D7629 /* Debug */ = {
			isa = XCBuildConfiguration;
			buildSettings = {
				ASSETCATALOG_COMPILER_APPICON_NAME = AppIcon;
				DEVELOPMENT_TEAM = 829TS6W2N9;
				INFOPLIST_FILE = WebViewFileUpload/Info.plist;
				LD_RUNPATH_SEARCH_PATHS = "$(inherited) @executable_path/Frameworks";
				PRODUCT_BUNDLE_IDENTIFIER = mborowiec.WebViewFileUpload;
				PRODUCT_NAME = "$(TARGET_NAME)";
			};
			name = Debug;
		};
		5722BEAC1DBA8AC3001D7629 /* Release */ = {
			isa = XCBuildConfiguration;
			buildSettings = {
				ASSETCATALOG_COMPILER_APPICON_NAME = AppIcon;
				DEVELOPMENT_TEAM = 829TS6W2N9;
				INFOPLIST_FILE = WebViewFileUpload/Info.plist;
				LD_RUNPATH_SEARCH_PATHS = "$(inherited) @executable_path/Frameworks";
				PRODUCT_BUNDLE_IDENTIFIER = mborowiec.WebViewFileUpload;
				PRODUCT_NAME = "$(TARGET_NAME)";
			};
			name = Release;
		};
		5722BEAE1DBA8AC3001D7629 /* Debug */ = {
			isa = XCBuildConfiguration;
			buildSettings = {
				BUNDLE_LOADER = "$(TEST_HOST)";
				DEVELOPMENT_TEAM = 829TS6W2N9;
				INFOPLIST_FILE = WebViewFileUploadTests/Info.plist;
				LD_RUNPATH_SEARCH_PATHS = "$(inherited) @executable_path/Frameworks @loader_path/Frameworks";
				PRODUCT_BUNDLE_IDENTIFIER = mborowiec.WebViewFileUploadTests;
				PRODUCT_NAME = "$(TARGET_NAME)";
				TEST_HOST = "$(BUILT_PRODUCTS_DIR)/WebViewFileUpload.app/WebViewFileUpload";
			};
			name = Debug;
		};
		5722BEAF1DBA8AC3001D7629 /* Release */ = {
			isa = XCBuildConfiguration;
			buildSettings = {
				BUNDLE_LOADER = "$(TEST_HOST)";
				DEVELOPMENT_TEAM = 829TS6W2N9;
				INFOPLIST_FILE = WebViewFileUploadTests/Info.plist;
				LD_RUNPATH_SEARCH_PATHS = "$(inherited) @executable_path/Frameworks @loader_path/Frameworks";
				PRODUCT_BUNDLE_IDENTIFIER = mborowiec.WebViewFileUploadTests;
				PRODUCT_NAME = "$(TARGET_NAME)";
				TEST_HOST = "$(BUILT_PRODUCTS_DIR)/WebViewFileUpload.app/WebViewFileUpload";
			};
			name = Release;
		};
		5722BEB11DBA8AC3001D7629 /* Debug */ = {
			isa = XCBuildConfiguration;
			buildSettings = {
				DEVELOPMENT_TEAM = 829TS6W2N9;
				INFOPLIST_FILE = WebViewFileUploadUITests/Info.plist;
				LD_RUNPATH_SEARCH_PATHS = "$(inherited) @executable_path/Frameworks @loader_path/Frameworks";
				PRODUCT_BUNDLE_IDENTIFIER = mborowiec.WebViewFileUploadUITests;
				PRODUCT_NAME = "$(TARGET_NAME)";
				TEST_TARGET_NAME = WebViewFileUpload;
			};
			name = Debug;
		};
		5722BEB21DBA8AC3001D7629 /* Release */ = {
			isa = XCBuildConfiguration;
			buildSettings = {
				DEVELOPMENT_TEAM = 829TS6W2N9;
				INFOPLIST_FILE = WebViewFileUploadUITests/Info.plist;
				LD_RUNPATH_SEARCH_PATHS = "$(inherited) @executable_path/Frameworks @loader_path/Frameworks";
				PRODUCT_BUNDLE_IDENTIFIER = mborowiec.WebViewFileUploadUITests;
				PRODUCT_NAME = "$(TARGET_NAME)";
				TEST_TARGET_NAME = WebViewFileUpload;
			};
			name = Release;
		};
/* End XCBuildConfiguration section */

/* Begin XCConfigurationList section */
		5722BE781DBA8AC3001D7629 /* Build configuration list for PBXProject "WebViewFileUpload" */ = {
			isa = XCConfigurationList;
			buildConfigurations = (
				5722BEA81DBA8AC3001D7629 /* Debug */,
				5722BEA91DBA8AC3001D7629 /* Release */,
			);
			defaultConfigurationIsVisible = 0;
			defaultConfigurationName = Release;
		};
		5722BEAA1DBA8AC3001D7629 /* Build configuration list for PBXNativeTarget "WebViewFileUpload" */ = {
			isa = XCConfigurationList;
			buildConfigurations = (
				5722BEAB1DBA8AC3001D7629 /* Debug */,
				5722BEAC1DBA8AC3001D7629 /* Release */,
			);
			defaultConfigurationIsVisible = 0;
			defaultConfigurationName = Release;
		};
		5722BEAD1DBA8AC3001D7629 /* Build configuration list for PBXNativeTarget "WebViewFileUploadTests" */ = {
			isa = XCConfigurationList;
			buildConfigurations = (
				5722BEAE1DBA8AC3001D7629 /* Debug */,
				5722BEAF1DBA8AC3001D7629 /* Release */,
			);
			defaultConfigurationIsVisible = 0;
			defaultConfigurationName = Release;
		};
		5722BEB01DBA8AC3001D7629 /* Build configuration list for PBXNativeTarget "WebViewFileUploadUITests" */ = {
			isa = XCConfigurationList;
			buildConfigurations = (
				5722BEB11DBA8AC3001D7629 /* Debug */,
				5722BEB21DBA8AC3001D7629 /* Release */,
			);
			defaultConfigurationIsVisible = 0;
			defaultConfigurationName = Release;
		};
/* End XCConfigurationList section */
	};
	rootObject = 5722BE751DBA8AC3001D7629 /* Project object */;
}
